{
  "name": "lg-webos-streamdeck-plugin",
  "version": "0.1.6",
  "lockfileVersion": 3,
  "requires": true,
  "packages": {
    "": {
      "name": "lg-webos-streamdeck-plugin",
      "version": "0.1.6",
      "dependencies": {
        "ws": "^8.20.0"
      },
      "devDependencies": {
        "lucide-static": "^1.17.0"
      }
    },
    "node_modules/lucide-static": {
      "version": "1.17.0",
      "resolved": "https://registry.npmjs.org/lucide-static/-/lucide-static-1.17.0.tgz",
      "integrity": "sha512-VORJmPqi4DZ5lf4/n2qqcIz1nTKGFReS83DJINcK5nXY7z+4P3G6CW/7SXpzlGllEI0vHKFH24eSM+aMFaK5zw==",
      "dev": true
    },
    "node_modules/ws": {
      "version": "8.21.0",
      "resolved": "https://registry.npmjs.org/ws/-/ws-8.21.0.tgz",
      "integrity": "sha512-Vsp28b7DRcimFQvrqu2Wek3z1iYxDCWqHYB8Qsnk/S4RfaCQzPGPyBNuVjJV3cd6UiKtUtp6sNM77gWvzcCH+g==",
      "engines": {
        "node": ">=10.0.0"
      },
      "peerDependencies": {
        "bufferutil": "^4.0.1",
        "utf-8-validate": ">=5.0.2"
      },
      "peerDependenciesMeta": {
        "bufferutil": {
          "optional": true
        },
        "utf-8-validate": {
          "optional": true
        }
      }
    }
  }
}
